
Microsoft Visual Studio Solution File, Format Version 12.00
# Visual Studio 15
VisualStudioVersion = 15.0.27703.2018
MinimumVisualStudioVersion = 10.0.40219.1
Project("{FAE04EC0-301F-11D3-BF4B-00C04F79EFBC}") = "CSharpRepo", "CSharpRepo\CSharpRepo.csproj", "{D9847F45-7130-4802-9340-98B2CE977563}"
EndProject
Global
	GlobalSection(SolutionConfigurationPlatforms) = preSolution
		Debug|Any CPU = Debug|Any CPU
		Release|Any CPU = Release|Any CPU
	EndGlobalSection
	GlobalSection(ProjectConfigurationPlatforms) = postSolution
		{D9847F45-7130-4802-9340-98B2CE977563}.Debug|Any CPU.ActiveCfg = Debug|Any CPU
		{D9847F45-7130-4802-9340-98B2CE977563}.Debug|Any CPU.Build.0 = Debug|Any CPU
		{D9847F45-7130-4802-9340-98B2CE977563}.Release|Any CPU.ActiveCfg = Release|Any CPU
		{D9847F45-7130-4802-9340-98B2CE977563}.Release|Any CPU.Build.0 = Release|Any CPU
	EndGlobalSection
	GlobalSection(SolutionProperties) = preSolution
		HideSolutionNode = FALSE
	EndGlobalSection
	GlobalSection(ExtensibilityGlobals) = postSolution
		SolutionGuid = {7F6DFA75-9E1F-40ED-BF62-A67DAEB653AA}
	EndGlobalSection
EndGlobal
